
Microsoft Visual Studio Solution File, Format Version 12.00
# Visual Studio Version 16
VisualStudioVersion = 16.0.31205.134
MinimumVisualStudioVersion = 10.0.40219.1
Project("{FAE04EC0-301F-11D3-BF4B-00C04F79EFBC}") = "Game Of Life", "Game Of Life\Game Of Life.csproj", "{8DCC4EC8-5B40-43CC-A2E7-27CE57BAEC0A}"
EndProject
Global
	GlobalSection(SolutionConfigurationPlatforms) = preSolution
		Debug|Any CPU = Debug|Any CPU
		Release|Any CPU = Release|Any CPU
	EndGlobalSection
	GlobalSection(ProjectConfigurationPlatforms) = postSolution
		{8DCC4EC8-5B40-43CC-A2E7-27CE57BAEC0A}.Debug|Any CPU.ActiveCfg = Debug|Any CPU
		{8DCC4EC8-5B40-43CC-A2E7-27CE57BAEC0A}.Debug|Any CPU.Build.0 = Debug|Any CPU
		{8DCC4EC8-5B40-43CC-A2E7-27CE57BAEC0A}.Release|Any CPU.ActiveCfg = Release|Any CPU
		{8DCC4EC8-5B40-43CC-A2E7-27CE57BAEC0A}.Release|Any CPU.Build.0 = Release|Any CPU
	EndGlobalSection
	GlobalSection(SolutionProperties) = preSolution
		HideSolutionNode = FALSE
	EndGlobalSection
	GlobalSection(ExtensibilityGlobals) = postSolution
		SolutionGuid = {F8871FBF-E631-4EDB-AD7E-27C5766A1AD4}
	EndGlobalSection
EndGlobal
